// !$*UTF8*$!
{
	archiveVersion = 1;
	classes = {
	};
	objectVersion = 46;
	objects = {

/* Begin PBXBuildFile section */
		F71FAF6721CB967500A57E76 /* DPRightContentViewController.swift in Sources */ = {isa = PBXBuildFile; fileRef = F71FAF5321CB967400A57E76 /* DPRightContentViewController.swift */; };
		F71FAF6821CB967500A57E76 /* DPRightMenuViewController.swift in Sources */ = {isa = PBXBuildFile; fileRef = F71FAF5421CB967400A57E76 /* DPRightMenuViewController.swift */; };
		F71FAF6921CB967500A57E76 /* DPRightPageViewController.swift in Sources */ = {isa = PBXBuildFile; fileRef = F71FAF5521CB967400A57E76 /* DPRightPageViewController.swift */; };
		F71FAF6A21CB967500A57E76 /* DPMenuButton.swift in Sources */ = {isa = PBXBuildFile; fileRef = F71FAF5621CB967400A57E76 /* DPMenuButton.swift */; };
		F71FAF6B21CB967500A57E76 /* DPDrawerViewController.swift in Sources */ = {isa = PBXBuildFile; fileRef = F71FAF5721CB967400A57E76 /* DPDrawerViewController.swift */; };
		F71FAF6C21CB967500A57E76 /* DPDropShadowView.swift in Sources */ = {isa = PBXBuildFile; fileRef = F71FAF5821CB967400A57E76 /* DPDropShadowView.swift */; };
		F71FAF6D21CB967500A57E76 /* DPLeftPageViewController.swift in Sources */ = {isa = PBXBuildFile; fileRef = F71FAF5A21CB967400A57E76 /* DPLeftPageViewController.swift */; };
		F71FAF6E21CB967500A57E76 /* DPLeftContentViewController.swift in Sources */ = {isa = PBXBuildFile; fileRef = F71FAF5B21CB967400A57E76 /* DPLeftContentViewController.swift */; };
		F71FAF6F21CB967500A57E76 /* DPLeftMenuViewController.swift in Sources */ = {isa = PBXBuildFile; fileRef = F71FAF5C21CB967400A57E76 /* DPLeftMenuViewController.swift */; };
		F71FAF7021CB967500A57E76 /* DPCenterContentViewController.swift in Sources */ = {isa = PBXBuildFile; fileRef = F71FAF5D21CB967400A57E76 /* DPCenterContentViewController.swift */; };
		F71FAF7121CB967500A57E76 /* DPConst.swift in Sources */ = {isa = PBXBuildFile; fileRef = F71FAF5E21CB967400A57E76 /* DPConst.swift */; };
		F71FAF7221CB967500A57E76 /* DPExtension.swift in Sources */ = {isa = PBXBuildFile; fileRef = F71FAF5F21CB967400A57E76 /* DPExtension.swift */; };
		F71FAF7321CB967500A57E76 /* DPSlideMenuManager.swift in Sources */ = {isa = PBXBuildFile; fileRef = F71FAF6021CB967400A57E76 /* DPSlideMenuManager.swift */; };
		F71FAF7421CB967500A57E76 /* ScreenType.swift in Sources */ = {isa = PBXBuildFile; fileRef = F71FAF6121CB967400A57E76 /* ScreenType.swift */; };
		F71FAF7521CB967500A57E76 /* DPEnum.swift in Sources */ = {isa = PBXBuildFile; fileRef = F71FAF6221CB967400A57E76 /* DPEnum.swift */; };
		F71FAF7621CB967500A57E76 /* DPBaseEmbedViewController.swift in Sources */ = {isa = PBXBuildFile; fileRef = F71FAF6421CB967400A57E76 /* DPBaseEmbedViewController.swift */; };
		F71FAF7721CB967500A57E76 /* DPBaseContentViewController.swift in Sources */ = {isa = PBXBuildFile; fileRef = F71FAF6521CB967400A57E76 /* DPBaseContentViewController.swift */; };
		F71FAF7821CB967500A57E76 /* DPBaseMenuViewController.swift in Sources */ = {isa = PBXBuildFile; fileRef = F71FAF6621CB967400A57E76 /* DPBaseMenuViewController.swift */; };
		F75C44ED1E06731500E60E60 /* DPSlideMenuKitFramework.h in Headers */ = {isa = PBXBuildFile; fileRef = F75C44EB1E06731500E60E60 /* DPSlideMenuKitFramework.h */; settings = {ATTRIBUTES = (Public, ); }; };
/* End PBXBuildFile section */

/* Begin PBXFileReference section */
		F71FAF5321CB967400A57E76 /* DPRightContentViewController.swift */ = {isa = PBXFileReference; fileEncoding = 4; lastKnownFileType = sourcecode.swift; path = DPRightContentViewController.swift; sourceTree = "<group>"; };
		F71FAF5421CB967400A57E76 /* DPRightMenuViewController.swift */ = {isa = PBXFileReference; fileEncoding = 4; lastKnownFileType = sourcecode.swift; path = DPRightMenuViewController.swift; sourceTree = "<group>"; };
		F71FAF5521CB967400A57E76 /* DPRightPageViewController.swift */ = {isa = PBXFileReference; fileEncoding = 4; lastKnownFileType = sourcecode.swift; path = DPRightPageViewController.swift; sourceTree = "<group>"; };
		F71FAF5621CB967400A57E76 /* DPMenuButton.swift */ = {isa = PBXFileReference; fileEncoding = 4; lastKnownFileType = sourcecode.swift; path = DPMenuButton.swift; sourceTree = "<group>"; };
		F71FAF5721CB967400A57E76 /* DPDrawerViewController.swift */ = {isa = PBXFileReference; fileEncoding = 4; lastKnownFileType = sourcecode.swift; path = DPDrawerViewController.swift; sourceTree = "<group>"; };
		F71FAF5821CB967400A57E76 /* DPDropShadowView.swift */ = {isa = PBXFileReference; fileEncoding = 4; lastKnownFileType = sourcecode.swift; path = DPDropShadowView.swift; sourceTree = "<group>"; };
		F71FAF5A21CB967400A57E76 /* DPLeftPageViewController.swift */ = {isa = PBXFileReference; fileEncoding = 4; lastKnownFileType = sourcecode.swift; path = DPLeftPageViewController.swift; sourceTree = "<group>"; };
		F71FAF5B21CB967400A57E76 /* DPLeftContentViewController.swift */ = {isa = PBXFileReference; fileEncoding = 4; lastKnownFileType = sourcecode.swift; path = DPLeftContentViewController.swift; sourceTree = "<group>"; };
		F71FAF5C21CB967400A57E76 /* DPLeftMenuViewController.swift */ = {isa = PBXFileReference; fileEncoding = 4; lastKnownFileType = sourcecode.swift; path = DPLeftMenuViewController.swift; sourceTree = "<group>"; };
		F71FAF5D21CB967400A57E76 /* DPCenterContentViewController.swift */ = {isa = PBXFileReference; fileEncoding = 4; lastKnownFileType = sourcecode.swift; path = DPCenterContentViewController.swift; sourceTree = "<group>"; };
		F71FAF5E21CB967400A57E76 /* DPConst.swift */ = {isa = PBXFileReference; fileEncoding = 4; lastKnownFileType = sourcecode.swift; path = DPConst.swift; sourceTree = "<group>"; };
		F71FAF5F21CB967400A57E76 /* DPExtension.swift */ = {isa = PBXFileReference; fileEncoding = 4; lastKnownFileType = sourcecode.swift; path = DPExtension.swift; sourceTree = "<group>"; };
		F71FAF6021CB967400A57E76 /* DPSlideMenuManager.swift */ = {isa = PBXFileReference; fileEncoding = 4; lastKnownFileType = sourcecode.swift; path = DPSlideMenuManager.swift; sourceTree = "<group>"; };
		F71FAF6121CB967400A57E76 /* ScreenType.swift */ = {isa = PBXFileReference; fileEncoding = 4; lastKnownFileType = sourcecode.swift; path = ScreenType.swift; sourceTree = "<group>"; };
		F71FAF6221CB967400A57E76 /* DPEnum.swift */ = {isa = PBXFileReference; fileEncoding = 4; lastKnownFileType = sourcecode.swift; path = DPEnum.swift; sourceTree = "<group>"; };
		F71FAF6421CB967400A57E76 /* DPBaseEmbedViewController.swift */ = {isa = PBXFileReference; fileEncoding = 4; lastKnownFileType = sourcecode.swift; path = DPBaseEmbedViewController.swift; sourceTree = "<group>"; };
		F71FAF6521CB967400A57E76 /* DPBaseContentViewController.swift */ = {isa = PBXFileReference; fileEncoding = 4; lastKnownFileType = sourcecode.swift; path = DPBaseContentViewController.swift; sourceTree = "<group>"; };
		F71FAF6621CB967400A57E76 /* DPBaseMenuViewController.swift */ = {isa = PBXFileReference; fileEncoding = 4; lastKnownFileType = sourcecode.swift; path = DPBaseMenuViewController.swift; sourceTree = "<group>"; };
		F75C44E81E06731500E60E60 /* DPSlideMenuKit.framework */ = {isa = PBXFileReference; explicitFileType = wrapper.framework; includeInIndex = 0; path = DPSlideMenuKit.framework; sourceTree = BUILT_PRODUCTS_DIR; };
		F75C44EB1E06731500E60E60 /* DPSlideMenuKitFramework.h */ = {isa = PBXFileReference; lastKnownFileType = sourcecode.c.h; path = DPSlideMenuKitFramework.h; sourceTree = "<group>"; };
		F75C44EC1E06731500E60E60 /* Info.plist */ = {isa = PBXFileReference; lastKnownFileType = text.plist.xml; path = Info.plist; sourceTree = "<group>"; };
/* End PBXFileReference section */

/* Begin PBXFrameworksBuildPhase section */
		F75C44E41E06731500E60E60 /* Frameworks */ = {
			isa = PBXFrameworksBuildPhase;
			buildActionMask = 2147483647;
			files = (
			);
			runOnlyForDeploymentPostprocessing = 0;
		};
/* End PBXFrameworksBuildPhase section */

/* Begin PBXGroup section */
		F71FAF5121CB967400A57E76 /* DPSlideMenuKit */ = {
			isa = PBXGroup;
			children = (
				F71FAF5221CB967400A57E76 /* Right */,
				F71FAF5621CB967400A57E76 /* DPMenuButton.swift */,
				F71FAF5721CB967400A57E76 /* DPDrawerViewController.swift */,
				F71FAF5821CB967400A57E76 /* DPDropShadowView.swift */,
				F71FAF5921CB967400A57E76 /* Left */,
				F71FAF5D21CB967400A57E76 /* DPCenterContentViewController.swift */,
				F71FAF5E21CB967400A57E76 /* DPConst.swift */,
				F71FAF5F21CB967400A57E76 /* DPExtension.swift */,
				F71FAF6021CB967400A57E76 /* DPSlideMenuManager.swift */,
				F71FAF6121CB967400A57E76 /* ScreenType.swift */,
				F71FAF6221CB967400A57E76 /* DPEnum.swift */,
				F71FAF6321CB967400A57E76 /* Base */,
			);
			path = DPSlideMenuKit;
			sourceTree = SOURCE_ROOT;
		};
		F71FAF5221CB967400A57E76 /* Right */ = {
			isa = PBXGroup;
			children = (
				F71FAF5321CB967400A57E76 /* DPRightContentViewController.swift */,
				F71FAF5421CB967400A57E76 /* DPRightMenuViewController.swift */,
				F71FAF5521CB967400A57E76 /* DPRightPageViewController.swift */,
			);
			path = Right;
			sourceTree = "<group>";
		};
		F71FAF5921CB967400A57E76 /* Left */ = {
			isa = PBXGroup;
			children = (
				F71FAF5A21CB967400A57E76 /* DPLeftPageViewController.swift */,
				F71FAF5B21CB967400A57E76 /* DPLeftContentViewController.swift */,
				F71FAF5C21CB967400A57E76 /* DPLeftMenuViewController.swift */,
			);
			path = Left;
			sourceTree = "<group>";
		};
		F71FAF6321CB967400A57E76 /* Base */ = {
			isa = PBXGroup;
			children = (
				F71FAF6421CB967400A57E76 /* DPBaseEmbedViewController.swift */,
				F71FAF6521CB967400A57E76 /* DPBaseContentViewController.swift */,
				F71FAF6621CB967400A57E76 /* DPBaseMenuViewController.swift */,
			);
			path = Base;
			sourceTree = "<group>";
		};
		F75C44DE1E06731500E60E60 = {
			isa = PBXGroup;
			children = (
				F75C44EA1E06731500E60E60 /* DPSlideMenuKitFramework */,
				F75C44E91E06731500E60E60 /* Products */,
			);
			sourceTree = "<group>";
		};
		F75C44E91E06731500E60E60 /* Products */ = {
			isa = PBXGroup;
			children = (
				F75C44E81E06731500E60E60 /* DPSlideMenuKit.framework */,
			);
			name = Products;
			sourceTree = "<group>";
		};
		F75C44EA1E06731500E60E60 /* DPSlideMenuKitFramework */ = {
			isa = PBXGroup;
			children = (
				F71FAF5121CB967400A57E76 /* DPSlideMenuKit */,
				F75C44EB1E06731500E60E60 /* DPSlideMenuKitFramework.h */,
				F75C44EC1E06731500E60E60 /* Info.plist */,
			);
			path = DPSlideMenuKitFramework;
			sourceTree = "<group>";
		};
/* End PBXGroup section */

/* Begin PBXHeadersBuildPhase section */
		F75C44E51E06731500E60E60 /* Headers */ = {
			isa = PBXHeadersBuildPhase;
			buildActionMask = 2147483647;
			files = (
				F75C44ED1E06731500E60E60 /* DPSlideMenuKitFramework.h in Headers */,
			);
			runOnlyForDeploymentPostprocessing = 0;
		};
/* End PBXHeadersBuildPhase section */

/* Begin PBXNativeTarget section */
		F75C44E71E06731500E60E60 /* DPSlideMenuKitFramework */ = {
			isa = PBXNativeTarget;
			buildConfigurationList = F75C44F01E06731500E60E60 /* Build configuration list for PBXNativeTarget "DPSlideMenuKitFramework" */;
			buildPhases = (
				F75C44E31E06731500E60E60 /* Sources */,
				F75C44E41E06731500E60E60 /* Frameworks */,
				F75C44E51E06731500E60E60 /* Headers */,
				F75C44E61E06731500E60E60 /* Resources */,
			);
			buildRules = (
			);
			dependencies = (
			);
			name = DPSlideMenuKitFramework;
			productName = DPSlideMenuKitFramework;
			productReference = F75C44E81E06731500E60E60 /* DPSlideMenuKit.framework */;
			productType = "com.apple.product-type.framework";
		};
/* End PBXNativeTarget section */

/* Begin PBXProject section */
		F75C44DF1E06731500E60E60 /* Project object */ = {
			isa = PBXProject;
			attributes = {
				LastUpgradeCheck = 1010;
				ORGANIZATIONNAME = "Hongli Yu";
				TargetAttributes = {
					F75C44E71E06731500E60E60 = {
						CreatedOnToolsVersion = 8.2;
						DevelopmentTeam = FC9QT6TC28;
						LastSwiftMigration = 0900;
						ProvisioningStyle = Automatic;
					};
				};
			};
			buildConfigurationList = F75C44E21E06731500E60E60 /* Build configuration list for PBXProject "DPSlideMenuKitFramework" */;
			compatibilityVersion = "Xcode 3.2";
			developmentRegion = English;
			hasScannedForEncodings = 0;
			knownRegions = (
				en,
			);
			mainGroup = F75C44DE1E06731500E60E60;
			productRefGroup = F75C44E91E06731500E60E60 /* Products */;
			projectDirPath = "";
			projectRoot = "";
			targets = (
				F75C44E71E06731500E60E60 /* DPSlideMenuKitFramework */,
			);
		};
/* End PBXProject section */

/* Begin PBXResourcesBuildPhase section */
		F75C44E61E06731500E60E60 /* Resources */ = {
			isa = PBXResourcesBuildPhase;
			buildActionMask = 2147483647;
			files = (
			);
			runOnlyForDeploymentPostprocessing = 0;
		};
/* End PBXResourcesBuildPhase section */

/* Begin PBXSourcesBuildPhase section */
		F75C44E31E06731500E60E60 /* Sources */ = {
			isa = PBXSourcesBuildPhase;
			buildActionMask = 2147483647;
			files = (
				F71FAF6821CB967500A57E76 /* DPRightMenuViewController.swift in Sources */,
				F71FAF6921CB967500A57E76 /* DPRightPageViewController.swift in Sources */,
				F71FAF6B21CB967500A57E76 /* DPDrawerViewController.swift in Sources */,
				F71FAF6C21CB967500A57E76 /* DPDropShadowView.swift in Sources */,
				F71FAF6F21CB967500A57E76 /* DPLeftMenuViewController.swift in Sources */,
				F71FAF7621CB967500A57E76 /* DPBaseEmbedViewController.swift in Sources */,
				F71FAF6D21CB967500A57E76 /* DPLeftPageViewController.swift in Sources */,
				F71FAF7321CB967500A57E76 /* DPSlideMenuManager.swift in Sources */,
				F71FAF7821CB967500A57E76 /* DPBaseMenuViewController.swift in Sources */,
				F71FAF6A21CB967500A57E76 /* DPMenuButton.swift in Sources */,
				F71FAF7721CB967500A57E76 /* DPBaseContentViewController.swift in Sources */,
				F71FAF7021CB967500A57E76 /* DPCenterContentViewController.swift in Sources */,
				F71FAF6721CB967500A57E76 /* DPRightContentViewController.swift in Sources */,
				F71FAF7521CB967500A57E76 /* DPEnum.swift in Sources */,
				F71FAF7221CB967500A57E76 /* DPExtension.swift in Sources */,
				F71FAF6E21CB967500A57E76 /* DPLeftContentViewController.swift in Sources */,
				F71FAF7121CB967500A57E76 /* DPConst.swift in Sources */,
				F71FAF7421CB967500A57E76 /* ScreenType.swift in Sources */,
			);
			runOnlyForDeploymentPostprocessing = 0;
		};
/* End PBXSourcesBuildPhase section */

/* Begin XCBuildConfiguration section */
		F75C44EE1E06731500E60E60 /* Debug */ = {
			isa = XCBuildConfiguration;
			buildSettings = {
				ALWAYS_SEARCH_USER_PATHS = NO;
				CLANG_ANALYZER_NONNULL = YES;
				CLANG_CXX_LANGUAGE_STANDARD = "gnu++0x";
				CLANG_CXX_LIBRARY = "libc++";
				CLANG_ENABLE_MODULES = YES;
				CLANG_ENABLE_OBJC_ARC = YES;
				CLANG_WARN_BLOCK_CAPTURE_AUTORELEASING = YES;
				CLANG_WARN_BOOL_CONVERSION = YES;
				CLANG_WARN_COMMA = YES;
				CLANG_WARN_CONSTANT_CONVERSION = YES;
				CLANG_WARN_DEPRECATED_OBJC_IMPLEMENTATIONS = YES;
				CLANG_WARN_DIRECT_OBJC_ISA_USAGE = YES_ERROR;
				CLANG_WARN_DOCUMENTATION_COMMENTS = YES;
				CLANG_WARN_EMPTY_BODY = YES;
				CLANG_WARN_ENUM_CONVERSION = YES;
				CLANG_WARN_INFINITE_RECURSION = YES;
				CLANG_WARN_INT_CONVERSION = YES;
				CLANG_WARN_NON_LITERAL_NULL_CONVERSION = YES;
				CLANG_WARN_OBJC_IMPLICIT_RETAIN_SELF = YES;
				CLANG_WARN_OBJC_LITERAL_CONVERSION = YES;
				CLANG_WARN_OBJC_ROOT_CLASS = YES_ERROR;
				CLANG_WARN_RANGE_LOOP_ANALYSIS = YES;
				CLANG_WARN_STRICT_PROTOTYPES = YES;
				CLANG_WARN_SUSPICIOUS_MOVE = YES;
				CLANG_WARN_UNREACHABLE_CODE = YES;
				CLANG_WARN__DUPLICATE_METHOD_MATCH = YES;
				"CODE_SIGN_IDENTITY[sdk=iphoneos*]" = "iPhone Developer";
				COPY_PHASE_STRIP = NO;
				CURRENT_PROJECT_VERSION = 1;
				DEBUG_INFORMATION_FORMAT = dwarf;
				ENABLE_STRICT_OBJC_MSGSEND = YES;
				ENABLE_TESTABILITY = YES;
				GCC_C_LANGUAGE_STANDARD = gnu99;
				GCC_DYNAMIC_NO_PIC = NO;
				GCC_NO_COMMON_BLOCKS = YES;
				GCC_OPTIMIZATION_LEVEL = 0;
				GCC_PREPROCESSOR_DEFINITIONS = (
					"DEBUG=1",
					"$(inherited)",
				);
				GCC_WARN_64_TO_32_BIT_CONVERSION = YES;
				GCC_WARN_ABOUT_RETURN_TYPE = YES_ERROR;
				GCC_WARN_UNDECLARED_SELECTOR = YES;
				GCC_WARN_UNINITIALIZED_AUTOS = YES_AGGRESSIVE;
				GCC_WARN_UNUSED_FUNCTION = YES;
				GCC_WARN_UNUSED_VARIABLE = YES;
				IPHONEOS_DEPLOYMENT_TARGET = 10.0;
				MTL_ENABLE_DEBUG_INFO = YES;
				ONLY_ACTIVE_ARCH = YES;
				SDKROOT = iphoneos;
				SWIFT_ACTIVE_COMPILATION_CONDITIONS = DEBUG;
				SWIFT_OPTIMIZATION_LEVEL = "-Onone";
				TARGETED_DEVICE_FAMILY = "1,2";
				VERSIONING_SYSTEM = "apple-generic";
				VERSION_INFO_PREFIX = "";
			};
			name = Debug;
		};
		F75C44EF1E06731500E60E60 /* Release */ = {
			isa = XCBuildConfiguration;
			buildSettings = {
				ALWAYS_SEARCH_USER_PATHS = NO;
				CLANG_ANALYZER_NONNULL = YES;
				CLANG_CXX_LANGUAGE_STANDARD = "gnu++0x";
				CLANG_CXX_LIBRARY = "libc++";
				CLANG_ENABLE_MODULES = YES;
				CLANG_ENABLE_OBJC_ARC = YES;
				CLANG_WARN_BLOCK_CAPTURE_AUTORELEASING = YES;
				CLANG_WARN_BOOL_CONVERSION = YES;
				CLANG_WARN_COMMA = YES;
				CLANG_WARN_CONSTANT_CONVERSION = YES;
				CLANG_WARN_DEPRECATED_OBJC_IMPLEMENTATIONS = YES;
				CLANG_WARN_DIRECT_OBJC_ISA_USAGE = YES_ERROR;
				CLANG_WARN_DOCUMENTATION_COMMENTS = YES;
				CLANG_WARN_EMPTY_BODY = YES;
				CLANG_WARN_ENUM_CONVERSION = YES;
				CLANG_WARN_INFINITE_RECURSION = YES;
				CLANG_WARN_INT_CONVERSION = YES;
				CLANG_WARN_NON_LITERAL_NULL_CONVERSION = YES;
				CLANG_WARN_OBJC_IMPLICIT_RETAIN_SELF = YES;
				CLANG_WARN_OBJC_LITERAL_CONVERSION = YES;
				CLANG_WARN_OBJC_ROOT_CLASS = YES_ERROR;
				CLANG_WARN_RANGE_LOOP_ANALYSIS = YES;
				CLANG_WARN_STRICT_PROTOTYPES = YES;
				CLANG_WARN_SUSPICIOUS_MOVE = YES;
				CLANG_WARN_UNREACHABLE_CODE = YES;
				CLANG_WARN__DUPLICATE_METHOD_MATCH = YES;
				"CODE_SIGN_IDENTITY[sdk=iphoneos*]" = "iPhone Developer";
				COPY_PHASE_STRIP = NO;
				CURRENT_PROJECT_VERSION = 1;
				DEBUG_INFORMATION_FORMAT = "dwarf-with-dsym";
				ENABLE_NS_ASSERTIONS = NO;
				ENABLE_STRICT_OBJC_MSGSEND = YES;
				GCC_C_LANGUAGE_STANDARD = gnu99;
				GCC_NO_COMMON_BLOCKS = YES;
				GCC_WARN_64_TO_32_BIT_CONVERSION = YES;
				GCC_WARN_ABOUT_RETURN_TYPE = YES_ERROR;
				GCC_WARN_UNDECLARED_SELECTOR = YES;
				GCC_WARN_UNINITIALIZED_AUTOS = YES_AGGRESSIVE;
				GCC_WARN_UNUSED_FUNCTION = YES;
				GCC_WARN_UNUSED_VARIABLE = YES;
				IPHONEOS_DEPLOYMENT_TARGET = 10.0;
				MTL_ENABLE_DEBUG_INFO = NO;
				SDKROOT = iphoneos;
				SWIFT_OPTIMIZATION_LEVEL = "-Owholemodule";
				TARGETED_DEVICE_FAMILY = "1,2";
				VALIDATE_PRODUCT = YES;
				VERSIONING_SYSTEM = "apple-generic";
				VERSION_INFO_PREFIX = "";
			};
			name = Release;
		};
		F75C44F11E06731500E60E60 /* Debug */ = {
			isa = XCBuildConfiguration;
			buildSettings = {
				CODE_SIGN_IDENTITY = "";
				DEFINES_MODULE = YES;
				DEVELOPMENT_TEAM = FC9QT6TC28;
				DYLIB_COMPATIBILITY_VERSION = 1;
				DYLIB_CURRENT_VERSION = 1;
				DYLIB_INSTALL_NAME_BASE = "@rpath";
				INFOPLIST_FILE = DPSlideMenuKitFramework/Info.plist;
				INSTALL_PATH = "$(LOCAL_LIBRARY_DIR)/Frameworks";
				IPHONEOS_DEPLOYMENT_TARGET = 9.0;
				LD_RUNPATH_SEARCH_PATHS = "$(inherited) @executable_path/Frameworks @loader_path/Frameworks";
				PRODUCT_BUNDLE_IDENTIFIER = cn.hlyu.DPSlideMenuKitFramework;
				PRODUCT_MODULE_NAME = DPSlideMenuKit;
				PRODUCT_NAME = DPSlideMenuKit;
				SKIP_INSTALL = YES;
				SWIFT_SWIFT3_OBJC_INFERENCE = Default;
				SWIFT_VERSION = 4.2;
			};
			name = Debug;
		};
		F75C44F21E06731500E60E60 /* Release */ = {
			isa = XCBuildConfiguration;
			buildSettings = {
				CODE_SIGN_IDENTITY = "";
				DEFINES_MODULE = YES;
				DEVELOPMENT_TEAM = FC9QT6TC28;
				DYLIB_COMPATIBILITY_VERSION = 1;
				DYLIB_CURRENT_VERSION = 1;
				DYLIB_INSTALL_NAME_BASE = "@rpath";
				INFOPLIST_FILE = DPSlideMenuKitFramework/Info.plist;
				INSTALL_PATH = "$(LOCAL_LIBRARY_DIR)/Frameworks";
				IPHONEOS_DEPLOYMENT_TARGET = 9.0;
				LD_RUNPATH_SEARCH_PATHS = "$(inherited) @executable_path/Frameworks @loader_path/Frameworks";
				PRODUCT_BUNDLE_IDENTIFIER = cn.hlyu.DPSlideMenuKitFramework;
				PRODUCT_MODULE_NAME = DPSlideMenuKit;
				PRODUCT_NAME = DPSlideMenuKit;
				SKIP_INSTALL = YES;
				SWIFT_SWIFT3_OBJC_INFERENCE = Default;
				SWIFT_VERSION = 4.2;
			};
			name = Release;
		};
/* End XCBuildConfiguration section */

/* Begin XCConfigurationList section */
		F75C44E21E06731500E60E60 /* Build configuration list for PBXProject "DPSlideMenuKitFramework" */ = {
			isa = XCConfigurationList;
			buildConfigurations = (
				F75C44EE1E06731500E60E60 /* Debug */,
				F75C44EF1E06731500E60E60 /* Release */,
			);
			defaultConfigurationIsVisible = 0;
			defaultConfigurationName = Release;
		};
		F75C44F01E06731500E60E60 /* Build configuration list for PBXNativeTarget "DPSlideMenuKitFramework" */ = {
			isa = XCConfigurationList;
			buildConfigurations = (
				F75C44F11E06731500E60E60 /* Debug */,
				F75C44F21E06731500E60E60 /* Release */,
			);
			defaultConfigurationIsVisible = 0;
			defaultConfigurationName = Release;
		};
/* End XCConfigurationList section */
	};
	rootObject = F75C44DF1E06731500E60E60 /* Project object */;
}
