// !$*UTF8*$!
{
	archiveVersion = 1;
	classes = {
	};
	objectVersion = 46;
	objects = {

/* Begin PBXBuildFile section */
		F7176C101D9BFFB300C60E08 /* AppDelegate.swift in Sources */ = {isa = PBXBuildFile; fileRef = F7D0B3AE1D63A0C7008EA646 /* AppDelegate.swift */; };
		F71FAEEE21CAF50800A57E76 /* DPBaseEmbedViewController.swift in Sources */ = {isa = PBXBuildFile; fileRef = F71FAEEB21CAF50800A57E76 /* DPBaseEmbedViewController.swift */; };
		F71FAEEF21CAF50800A57E76 /* DPBaseContentViewController.swift in Sources */ = {isa = PBXBuildFile; fileRef = F71FAEEC21CAF50800A57E76 /* DPBaseContentViewController.swift */; };
		F71FAEF021CAF50800A57E76 /* DPBaseMenuViewController.swift in Sources */ = {isa = PBXBuildFile; fileRef = F71FAEED21CAF50800A57E76 /* DPBaseMenuViewController.swift */; };
		F71FAEFB21CB25C900A57E76 /* DPLeftPageViewController.swift in Sources */ = {isa = PBXBuildFile; fileRef = F71FAEF421CB25C900A57E76 /* DPLeftPageViewController.swift */; };
		F71FAEFC21CB25C900A57E76 /* DPLeftContentViewController.swift in Sources */ = {isa = PBXBuildFile; fileRef = F71FAEF521CB25C900A57E76 /* DPLeftContentViewController.swift */; };
		F71FAEFD21CB25C900A57E76 /* DPLeftMenuViewController.swift in Sources */ = {isa = PBXBuildFile; fileRef = F71FAEF621CB25C900A57E76 /* DPLeftMenuViewController.swift */; };
		F71FAEFE21CB25C900A57E76 /* DPRightContentViewController.swift in Sources */ = {isa = PBXBuildFile; fileRef = F71FAEF821CB25C900A57E76 /* DPRightContentViewController.swift */; };
		F71FAEFF21CB25C900A57E76 /* DPRightMenuViewController.swift in Sources */ = {isa = PBXBuildFile; fileRef = F71FAEF921CB25C900A57E76 /* DPRightMenuViewController.swift */; };
		F71FAF0021CB25C900A57E76 /* DPRightPageViewController.swift in Sources */ = {isa = PBXBuildFile; fileRef = F71FAEFA21CB25C900A57E76 /* DPRightPageViewController.swift */; };
		F72156161DA6A0A90038A5AE /* Pages.storyboard in Resources */ = {isa = PBXBuildFile; fileRef = F72156141DA6A0A90038A5AE /* Pages.storyboard */; };
		F766B5D41F1369D6008F8F40 /* DPChatViewController.swift in Sources */ = {isa = PBXBuildFile; fileRef = F766B5D31F1369D6008F8F40 /* DPChatViewController.swift */; };
		F766B5E41F14BE9C008F8F40 /* DPChannelListViewController.swift in Sources */ = {isa = PBXBuildFile; fileRef = F766B5DF1F14BE9C008F8F40 /* DPChannelListViewController.swift */; };
		F766B5E51F14BE9C008F8F40 /* DPChannelViewModel.swift in Sources */ = {isa = PBXBuildFile; fileRef = F766B5E01F14BE9C008F8F40 /* DPChannelViewModel.swift */; };
		F766B5E61F14BE9C008F8F40 /* DPMessageListViewController.swift in Sources */ = {isa = PBXBuildFile; fileRef = F766B5E11F14BE9C008F8F40 /* DPMessageListViewController.swift */; };
		F766B5E71F14BE9C008F8F40 /* DPMessageViewModel.swift in Sources */ = {isa = PBXBuildFile; fileRef = F766B5E21F14BE9C008F8F40 /* DPMessageViewModel.swift */; };
		F766B5E81F14BE9C008F8F40 /* DPTeamViewController.swift in Sources */ = {isa = PBXBuildFile; fileRef = F766B5E31F14BE9C008F8F40 /* DPTeamViewController.swift */; };
		F766B5EA1F14BF3B008F8F40 /* DPSettingsViewController.swift in Sources */ = {isa = PBXBuildFile; fileRef = F766B5E91F14BF3B008F8F40 /* DPSettingsViewController.swift */; };
		F766B5EC1F14C0D4008F8F40 /* DPSettingsViewModel.swift in Sources */ = {isa = PBXBuildFile; fileRef = F766B5EB1F14C0D4008F8F40 /* DPSettingsViewModel.swift */; };
		F766B5EE1F14CC98008F8F40 /* DPSettingsSectionView.xib in Resources */ = {isa = PBXBuildFile; fileRef = F766B5ED1F14CC98008F8F40 /* DPSettingsSectionView.xib */; };
		F766B5F01F14CCA5008F8F40 /* DPSettingsSectionView.swift in Sources */ = {isa = PBXBuildFile; fileRef = F766B5EF1F14CCA5008F8F40 /* DPSettingsSectionView.swift */; };
		F766B6121F162292008F8F40 /* DPTestViewController.swift in Sources */ = {isa = PBXBuildFile; fileRef = F766B6111F162292008F8F40 /* DPTestViewController.swift */; };
		F78D0B6A21CF7B6B0075D189 /* DPSlideMenuKit.h in Headers */ = {isa = PBXBuildFile; fileRef = F78D0B6821CF7B6B0075D189 /* DPSlideMenuKit.h */; settings = {ATTRIBUTES = (Public, ); }; };
		F78D0B6D21CF7B6B0075D189 /* DPSlideMenuKit.framework in Frameworks */ = {isa = PBXBuildFile; fileRef = F78D0B6621CF7B6B0075D189 /* DPSlideMenuKit.framework */; };
		F78D0B6E21CF7B6B0075D189 /* DPSlideMenuKit.framework in Embed Frameworks */ = {isa = PBXBuildFile; fileRef = F78D0B6621CF7B6B0075D189 /* DPSlideMenuKit.framework */; settings = {ATTRIBUTES = (CodeSignOnCopy, RemoveHeadersOnCopy, ); }; };
		F78D0B7221CF7C050075D189 /* DPLeftMenuViewController.swift in Sources */ = {isa = PBXBuildFile; fileRef = F71FAEF621CB25C900A57E76 /* DPLeftMenuViewController.swift */; };
		F78D0B7321CF7C050075D189 /* DPLeftPageViewController.swift in Sources */ = {isa = PBXBuildFile; fileRef = F71FAEF421CB25C900A57E76 /* DPLeftPageViewController.swift */; };
		F78D0B7421CF7C050075D189 /* DPLeftContentViewController.swift in Sources */ = {isa = PBXBuildFile; fileRef = F71FAEF521CB25C900A57E76 /* DPLeftContentViewController.swift */; };
		F78D0B7521CF7C050075D189 /* DPRightMenuViewController.swift in Sources */ = {isa = PBXBuildFile; fileRef = F71FAEF921CB25C900A57E76 /* DPRightMenuViewController.swift */; };
		F78D0B7621CF7C050075D189 /* DPRightPageViewController.swift in Sources */ = {isa = PBXBuildFile; fileRef = F71FAEFA21CB25C900A57E76 /* DPRightPageViewController.swift */; };
		F78D0B7721CF7C050075D189 /* DPRightContentViewController.swift in Sources */ = {isa = PBXBuildFile; fileRef = F71FAEF821CB25C900A57E76 /* DPRightContentViewController.swift */; };
		F78D0B7821CF7C050075D189 /* DPBaseMenuViewController.swift in Sources */ = {isa = PBXBuildFile; fileRef = F71FAEED21CAF50800A57E76 /* DPBaseMenuViewController.swift */; };
		F78D0B7921CF7C050075D189 /* DPBaseContentViewController.swift in Sources */ = {isa = PBXBuildFile; fileRef = F71FAEEC21CAF50800A57E76 /* DPBaseContentViewController.swift */; };
		F78D0B7A21CF7C050075D189 /* DPBaseEmbedViewController.swift in Sources */ = {isa = PBXBuildFile; fileRef = F71FAEEB21CAF50800A57E76 /* DPBaseEmbedViewController.swift */; };
		F78D0B7B21CF7C050075D189 /* DPSlideMenuManager.swift in Sources */ = {isa = PBXBuildFile; fileRef = F7C0D1711F0DE55E006DC742 /* DPSlideMenuManager.swift */; };
		F78D0B7C21CF7C050075D189 /* DPDrawerViewController.swift in Sources */ = {isa = PBXBuildFile; fileRef = F7D0B3F21D63A30A008EA646 /* DPDrawerViewController.swift */; };
		F78D0B7D21CF7C050075D189 /* DPCenterContentViewController.swift in Sources */ = {isa = PBXBuildFile; fileRef = F7D0B3F01D63A1C1008EA646 /* DPCenterContentViewController.swift */; };
		F78D0B7E21CF7C050075D189 /* DPDropShadowView.swift in Sources */ = {isa = PBXBuildFile; fileRef = F7D0B3F61D63B126008EA646 /* DPDropShadowView.swift */; };
		F78D0B7F21CF7C050075D189 /* DPMenuButton.swift in Sources */ = {isa = PBXBuildFile; fileRef = F7EAB6721D6BE3D700C0C70C /* DPMenuButton.swift */; };
		F78D0B8021CF7C050075D189 /* DPConst.swift in Sources */ = {isa = PBXBuildFile; fileRef = F7C0D1591F0CF04D006DC742 /* DPConst.swift */; };
		F78D0B8121CF7C050075D189 /* DPEnum.swift in Sources */ = {isa = PBXBuildFile; fileRef = F7C0D15B1F0CF1A9006DC742 /* DPEnum.swift */; };
		F78D0B8221CF7C050075D189 /* DPExtension.swift in Sources */ = {isa = PBXBuildFile; fileRef = F7C0D16F1F0D0020006DC742 /* DPExtension.swift */; };
		F78D0B8321CF7C050075D189 /* ScreenType.swift in Sources */ = {isa = PBXBuildFile; fileRef = F79C1AA520459F3B007A29EC /* ScreenType.swift */; };
		F79C1AA620459F3B007A29EC /* ScreenType.swift in Sources */ = {isa = PBXBuildFile; fileRef = F79C1AA520459F3B007A29EC /* ScreenType.swift */; };
		F7C0D15A1F0CF04D006DC742 /* DPConst.swift in Sources */ = {isa = PBXBuildFile; fileRef = F7C0D1591F0CF04D006DC742 /* DPConst.swift */; };
		F7C0D15C1F0CF1A9006DC742 /* DPEnum.swift in Sources */ = {isa = PBXBuildFile; fileRef = F7C0D15B1F0CF1A9006DC742 /* DPEnum.swift */; };
		F7C0D16D1F0CF45A006DC742 /* DPHomeViewController.swift in Sources */ = {isa = PBXBuildFile; fileRef = F7C0D1681F0CF45A006DC742 /* DPHomeViewController.swift */; };
		F7C0D1701F0D0020006DC742 /* DPExtension.swift in Sources */ = {isa = PBXBuildFile; fileRef = F7C0D16F1F0D0020006DC742 /* DPExtension.swift */; };
		F7C0D1721F0DE55E006DC742 /* DPSlideMenuManager.swift in Sources */ = {isa = PBXBuildFile; fileRef = F7C0D1711F0DE55E006DC742 /* DPSlideMenuManager.swift */; };
		F7D0B3AF1D63A0C7008EA646 /* AppDelegate.swift in Sources */ = {isa = PBXBuildFile; fileRef = F7D0B3AE1D63A0C7008EA646 /* AppDelegate.swift */; };
		F7D0B3B11D63A0C7008EA646 /* ViewController.swift in Sources */ = {isa = PBXBuildFile; fileRef = F7D0B3B01D63A0C7008EA646 /* ViewController.swift */; };
		F7D0B3B41D63A0C7008EA646 /* Main.storyboard in Resources */ = {isa = PBXBuildFile; fileRef = F7D0B3B21D63A0C7008EA646 /* Main.storyboard */; };
		F7D0B3B61D63A0C7008EA646 /* Assets.xcassets in Resources */ = {isa = PBXBuildFile; fileRef = F7D0B3B51D63A0C7008EA646 /* Assets.xcassets */; };
		F7D0B3B91D63A0C7008EA646 /* LaunchScreen.storyboard in Resources */ = {isa = PBXBuildFile; fileRef = F7D0B3B71D63A0C7008EA646 /* LaunchScreen.storyboard */; };
		F7D0B3C41D63A0C8008EA646 /* DPSlideMenuKitDemoTests.swift in Sources */ = {isa = PBXBuildFile; fileRef = F7D0B3C31D63A0C8008EA646 /* DPSlideMenuKitDemoTests.swift */; };
		F7D0B3F11D63A1C1008EA646 /* DPCenterContentViewController.swift in Sources */ = {isa = PBXBuildFile; fileRef = F7D0B3F01D63A1C1008EA646 /* DPCenterContentViewController.swift */; };
		F7D0B3F31D63A30A008EA646 /* DPDrawerViewController.swift in Sources */ = {isa = PBXBuildFile; fileRef = F7D0B3F21D63A30A008EA646 /* DPDrawerViewController.swift */; };
		F7D0B3F71D63B126008EA646 /* DPDropShadowView.swift in Sources */ = {isa = PBXBuildFile; fileRef = F7D0B3F61D63B126008EA646 /* DPDropShadowView.swift */; };
		F7EAB6731D6BE3D700C0C70C /* DPMenuButton.swift in Sources */ = {isa = PBXBuildFile; fileRef = F7EAB6721D6BE3D700C0C70C /* DPMenuButton.swift */; };
		F7FC405C1F17159C00031F20 /* fontawesome-webfont.ttf in Resources */ = {isa = PBXBuildFile; fileRef = F7FC405B1F17159C00031F20 /* fontawesome-webfont.ttf */; };
/* End PBXBuildFile section */

/* Begin PBXContainerItemProxy section */
		F78D0B6B21CF7B6B0075D189 /* PBXContainerItemProxy */ = {
			isa = PBXContainerItemProxy;
			containerPortal = F7D0B3A31D63A0C7008EA646 /* Project object */;
			proxyType = 1;
			remoteGlobalIDString = F78D0B6521CF7B6B0075D189;
			remoteInfo = DPSlideMenuKit;
		};
		F7D0B3C01D63A0C8008EA646 /* PBXContainerItemProxy */ = {
			isa = PBXContainerItemProxy;
			containerPortal = F7D0B3A31D63A0C7008EA646 /* Project object */;
			proxyType = 1;
			remoteGlobalIDString = F7D0B3AA1D63A0C7008EA646;
			remoteInfo = DPSlideMenuKitDemo;
		};
		F7D0B3CB1D63A0C8008EA646 /* PBXContainerItemProxy */ = {
			isa = PBXContainerItemProxy;
			containerPortal = F7D0B3A31D63A0C7008EA646 /* Project object */;
			proxyType = 1;
			remoteGlobalIDString = F7D0B3AA1D63A0C7008EA646;
			remoteInfo = DPSlideMenuKitDemo;
		};
/* End PBXContainerItemProxy section */

/* Begin PBXCopyFilesBuildPhase section */
		F75C44881E06468400E60E60 /* Embed Frameworks */ = {
			isa = PBXCopyFilesBuildPhase;
			buildActionMask = 2147483647;
			dstPath = "";
			dstSubfolderSpec = 10;
			files = (
				F78D0B6E21CF7B6B0075D189 /* DPSlideMenuKit.framework in Embed Frameworks */,
			);
			name = "Embed Frameworks";
			runOnlyForDeploymentPostprocessing = 0;
		};
/* End PBXCopyFilesBuildPhase section */

/* Begin PBXFileReference section */
		F71FAEEB21CAF50800A57E76 /* DPBaseEmbedViewController.swift */ = {isa = PBXFileReference; fileEncoding = 4; lastKnownFileType = sourcecode.swift; path = DPBaseEmbedViewController.swift; sourceTree = "<group>"; };
		F71FAEEC21CAF50800A57E76 /* DPBaseContentViewController.swift */ = {isa = PBXFileReference; fileEncoding = 4; lastKnownFileType = sourcecode.swift; path = DPBaseContentViewController.swift; sourceTree = "<group>"; };
		F71FAEED21CAF50800A57E76 /* DPBaseMenuViewController.swift */ = {isa = PBXFileReference; fileEncoding = 4; lastKnownFileType = sourcecode.swift; path = DPBaseMenuViewController.swift; sourceTree = "<group>"; };
		F71FAEF421CB25C900A57E76 /* DPLeftPageViewController.swift */ = {isa = PBXFileReference; fileEncoding = 4; lastKnownFileType = sourcecode.swift; path = DPLeftPageViewController.swift; sourceTree = "<group>"; };
		F71FAEF521CB25C900A57E76 /* DPLeftContentViewController.swift */ = {isa = PBXFileReference; fileEncoding = 4; lastKnownFileType = sourcecode.swift; path = DPLeftContentViewController.swift; sourceTree = "<group>"; };
		F71FAEF621CB25C900A57E76 /* DPLeftMenuViewController.swift */ = {isa = PBXFileReference; fileEncoding = 4; lastKnownFileType = sourcecode.swift; path = DPLeftMenuViewController.swift; sourceTree = "<group>"; };
		F71FAEF821CB25C900A57E76 /* DPRightContentViewController.swift */ = {isa = PBXFileReference; fileEncoding = 4; lastKnownFileType = sourcecode.swift; path = DPRightContentViewController.swift; sourceTree = "<group>"; };
		F71FAEF921CB25C900A57E76 /* DPRightMenuViewController.swift */ = {isa = PBXFileReference; fileEncoding = 4; lastKnownFileType = sourcecode.swift; path = DPRightMenuViewController.swift; sourceTree = "<group>"; };
		F71FAEFA21CB25C900A57E76 /* DPRightPageViewController.swift */ = {isa = PBXFileReference; fileEncoding = 4; lastKnownFileType = sourcecode.swift; path = DPRightPageViewController.swift; sourceTree = "<group>"; };
		F766B5D31F1369D6008F8F40 /* DPChatViewController.swift */ = {isa = PBXFileReference; fileEncoding = 4; lastKnownFileType = sourcecode.swift; path = DPChatViewController.swift; sourceTree = "<group>"; };
		F766B5DF1F14BE9C008F8F40 /* DPChannelListViewController.swift */ = {isa = PBXFileReference; fileEncoding = 4; lastKnownFileType = sourcecode.swift; path = DPChannelListViewController.swift; sourceTree = "<group>"; };
		F766B5E01F14BE9C008F8F40 /* DPChannelViewModel.swift */ = {isa = PBXFileReference; fileEncoding = 4; lastKnownFileType = sourcecode.swift; path = DPChannelViewModel.swift; sourceTree = "<group>"; };
		F766B5E11F14BE9C008F8F40 /* DPMessageListViewController.swift */ = {isa = PBXFileReference; fileEncoding = 4; lastKnownFileType = sourcecode.swift; path = DPMessageListViewController.swift; sourceTree = "<group>"; };
		F766B5E21F14BE9C008F8F40 /* DPMessageViewModel.swift */ = {isa = PBXFileReference; fileEncoding = 4; lastKnownFileType = sourcecode.swift; path = DPMessageViewModel.swift; sourceTree = "<group>"; };
		F766B5E31F14BE9C008F8F40 /* DPTeamViewController.swift */ = {isa = PBXFileReference; fileEncoding = 4; lastKnownFileType = sourcecode.swift; path = DPTeamViewController.swift; sourceTree = "<group>"; };
		F766B5E91F14BF3B008F8F40 /* DPSettingsViewController.swift */ = {isa = PBXFileReference; fileEncoding = 4; lastKnownFileType = sourcecode.swift; path = DPSettingsViewController.swift; sourceTree = "<group>"; };
		F766B5EB1F14C0D4008F8F40 /* DPSettingsViewModel.swift */ = {isa = PBXFileReference; fileEncoding = 4; lastKnownFileType = sourcecode.swift; path = DPSettingsViewModel.swift; sourceTree = "<group>"; };
		F766B5ED1F14CC98008F8F40 /* DPSettingsSectionView.xib */ = {isa = PBXFileReference; fileEncoding = 4; lastKnownFileType = file.xib; path = DPSettingsSectionView.xib; sourceTree = "<group>"; };
		F766B5EF1F14CCA5008F8F40 /* DPSettingsSectionView.swift */ = {isa = PBXFileReference; fileEncoding = 4; lastKnownFileType = sourcecode.swift; path = DPSettingsSectionView.swift; sourceTree = "<group>"; };
		F766B6111F162292008F8F40 /* DPTestViewController.swift */ = {isa = PBXFileReference; fileEncoding = 4; lastKnownFileType = sourcecode.swift; path = DPTestViewController.swift; sourceTree = "<group>"; };
		F78D0B6621CF7B6B0075D189 /* DPSlideMenuKit.framework */ = {isa = PBXFileReference; explicitFileType = wrapper.framework; includeInIndex = 0; path = DPSlideMenuKit.framework; sourceTree = BUILT_PRODUCTS_DIR; };
		F78D0B6821CF7B6B0075D189 /* DPSlideMenuKit.h */ = {isa = PBXFileReference; lastKnownFileType = sourcecode.c.h; path = DPSlideMenuKit.h; sourceTree = "<group>"; };
		F78D0B6921CF7B6B0075D189 /* Info.plist */ = {isa = PBXFileReference; lastKnownFileType = text.plist.xml; path = Info.plist; sourceTree = "<group>"; };
		F7992DB81F94F7B300965D77 /* Base */ = {isa = PBXFileReference; lastKnownFileType = file.storyboard; name = Base; path = Base.lproj/Pages.storyboard; sourceTree = "<group>"; };
		F79C1AA520459F3B007A29EC /* ScreenType.swift */ = {isa = PBXFileReference; lastKnownFileType = sourcecode.swift; path = ScreenType.swift; sourceTree = "<group>"; };
		F7C0D1591F0CF04D006DC742 /* DPConst.swift */ = {isa = PBXFileReference; fileEncoding = 4; lastKnownFileType = sourcecode.swift; path = DPConst.swift; sourceTree = "<group>"; };
		F7C0D15B1F0CF1A9006DC742 /* DPEnum.swift */ = {isa = PBXFileReference; fileEncoding = 4; lastKnownFileType = sourcecode.swift; path = DPEnum.swift; sourceTree = "<group>"; };
		F7C0D1681F0CF45A006DC742 /* DPHomeViewController.swift */ = {isa = PBXFileReference; fileEncoding = 4; lastKnownFileType = sourcecode.swift; path = DPHomeViewController.swift; sourceTree = "<group>"; };
		F7C0D16F1F0D0020006DC742 /* DPExtension.swift */ = {isa = PBXFileReference; fileEncoding = 4; lastKnownFileType = sourcecode.swift; path = DPExtension.swift; sourceTree = "<group>"; };
		F7C0D1711F0DE55E006DC742 /* DPSlideMenuManager.swift */ = {isa = PBXFileReference; fileEncoding = 4; lastKnownFileType = sourcecode.swift; path = DPSlideMenuManager.swift; sourceTree = "<group>"; };
		F7D0B3AB1D63A0C7008EA646 /* DPSlideMenuKitDemo.app */ = {isa = PBXFileReference; explicitFileType = wrapper.application; includeInIndex = 0; path = DPSlideMenuKitDemo.app; sourceTree = BUILT_PRODUCTS_DIR; };
		F7D0B3AE1D63A0C7008EA646 /* AppDelegate.swift */ = {isa = PBXFileReference; lastKnownFileType = sourcecode.swift; path = AppDelegate.swift; sourceTree = "<group>"; };
		F7D0B3B01D63A0C7008EA646 /* ViewController.swift */ = {isa = PBXFileReference; lastKnownFileType = sourcecode.swift; path = ViewController.swift; sourceTree = "<group>"; };
		F7D0B3B31D63A0C7008EA646 /* Base */ = {isa = PBXFileReference; lastKnownFileType = file.storyboard; name = Base; path = Base.lproj/Main.storyboard; sourceTree = "<group>"; };
		F7D0B3B51D63A0C7008EA646 /* Assets.xcassets */ = {isa = PBXFileReference; lastKnownFileType = folder.assetcatalog; path = Assets.xcassets; sourceTree = "<group>"; };
		F7D0B3B81D63A0C7008EA646 /* Base */ = {isa = PBXFileReference; lastKnownFileType = file.storyboard; name = Base; path = Base.lproj/LaunchScreen.storyboard; sourceTree = "<group>"; };
		F7D0B3BA1D63A0C7008EA646 /* Info.plist */ = {isa = PBXFileReference; lastKnownFileType = text.plist.xml; path = Info.plist; sourceTree = "<group>"; };
		F7D0B3BF1D63A0C8008EA646 /* DPSlideMenuKitDemoTests.xctest */ = {isa = PBXFileReference; explicitFileType = wrapper.cfbundle; includeInIndex = 0; path = DPSlideMenuKitDemoTests.xctest; sourceTree = BUILT_PRODUCTS_DIR; };
		F7D0B3C31D63A0C8008EA646 /* DPSlideMenuKitDemoTests.swift */ = {isa = PBXFileReference; lastKnownFileType = sourcecode.swift; path = DPSlideMenuKitDemoTests.swift; sourceTree = "<group>"; };
		F7D0B3C51D63A0C8008EA646 /* Info.plist */ = {isa = PBXFileReference; lastKnownFileType = text.plist.xml; path = Info.plist; sourceTree = "<group>"; };
		F7D0B3CA1D63A0C8008EA646 /* DPSlideMenuKitDemoUITests.xctest */ = {isa = PBXFileReference; explicitFileType = wrapper.cfbundle; includeInIndex = 0; path = DPSlideMenuKitDemoUITests.xctest; sourceTree = BUILT_PRODUCTS_DIR; };
		F7D0B3CE1D63A0C8008EA646 /* DPSlideMenuKitDemoUITests.swift */ = {isa = PBXFileReference; lastKnownFileType = sourcecode.swift; path = DPSlideMenuKitDemoUITests.swift; sourceTree = "<group>"; };
		F7D0B3D01D63A0C8008EA646 /* Info.plist */ = {isa = PBXFileReference; lastKnownFileType = text.plist.xml; path = Info.plist; sourceTree = "<group>"; };
		F7D0B3F01D63A1C1008EA646 /* DPCenterContentViewController.swift */ = {isa = PBXFileReference; fileEncoding = 4; lastKnownFileType = sourcecode.swift; path = DPCenterContentViewController.swift; sourceTree = "<group>"; };
		F7D0B3F21D63A30A008EA646 /* DPDrawerViewController.swift */ = {isa = PBXFileReference; fileEncoding = 4; lastKnownFileType = sourcecode.swift; path = DPDrawerViewController.swift; sourceTree = "<group>"; };
		F7D0B3F61D63B126008EA646 /* DPDropShadowView.swift */ = {isa = PBXFileReference; fileEncoding = 4; lastKnownFileType = sourcecode.swift; path = DPDropShadowView.swift; sourceTree = "<group>"; };
		F7EAB6721D6BE3D700C0C70C /* DPMenuButton.swift */ = {isa = PBXFileReference; fileEncoding = 4; lastKnownFileType = sourcecode.swift; path = DPMenuButton.swift; sourceTree = "<group>"; };
		F7FC405B1F17159C00031F20 /* fontawesome-webfont.ttf */ = {isa = PBXFileReference; lastKnownFileType = file; path = "fontawesome-webfont.ttf"; sourceTree = "<group>"; };
/* End PBXFileReference section */

/* Begin PBXFrameworksBuildPhase section */
		F78D0B6321CF7B6B0075D189 /* Frameworks */ = {
			isa = PBXFrameworksBuildPhase;
			buildActionMask = 2147483647;
			files = (
			);
			runOnlyForDeploymentPostprocessing = 0;
		};
		F7D0B3A81D63A0C7008EA646 /* Frameworks */ = {
			isa = PBXFrameworksBuildPhase;
			buildActionMask = 2147483647;
			files = (
				F78D0B6D21CF7B6B0075D189 /* DPSlideMenuKit.framework in Frameworks */,
			);
			runOnlyForDeploymentPostprocessing = 0;
		};
		F7D0B3BC1D63A0C8008EA646 /* Frameworks */ = {
			isa = PBXFrameworksBuildPhase;
			buildActionMask = 2147483647;
			files = (
			);
			runOnlyForDeploymentPostprocessing = 0;
		};
		F7D0B3C71D63A0C8008EA646 /* Frameworks */ = {
			isa = PBXFrameworksBuildPhase;
			buildActionMask = 2147483647;
			files = (
			);
			runOnlyForDeploymentPostprocessing = 0;
		};
/* End PBXFrameworksBuildPhase section */

/* Begin PBXGroup section */
		F71FAEEA21CAF50800A57E76 /* Base */ = {
			isa = PBXGroup;
			children = (
				F71FAEED21CAF50800A57E76 /* DPBaseMenuViewController.swift */,
				F71FAEEC21CAF50800A57E76 /* DPBaseContentViewController.swift */,
				F71FAEEB21CAF50800A57E76 /* DPBaseEmbedViewController.swift */,
			);
			path = Base;
			sourceTree = "<group>";
		};
		F71FAEF321CB25C900A57E76 /* Left */ = {
			isa = PBXGroup;
			children = (
				F71FAEF621CB25C900A57E76 /* DPLeftMenuViewController.swift */,
				F71FAEF421CB25C900A57E76 /* DPLeftPageViewController.swift */,
				F71FAEF521CB25C900A57E76 /* DPLeftContentViewController.swift */,
			);
			path = Left;
			sourceTree = "<group>";
		};
		F71FAEF721CB25C900A57E76 /* Right */ = {
			isa = PBXGroup;
			children = (
				F71FAEF921CB25C900A57E76 /* DPRightMenuViewController.swift */,
				F71FAEFA21CB25C900A57E76 /* DPRightPageViewController.swift */,
				F71FAEF821CB25C900A57E76 /* DPRightContentViewController.swift */,
			);
			path = Right;
			sourceTree = "<group>";
		};
		F766B5DE1F14BE9C008F8F40 /* SideContent */ = {
			isa = PBXGroup;
			children = (
				F766B5E01F14BE9C008F8F40 /* DPChannelViewModel.swift */,
				F766B5E21F14BE9C008F8F40 /* DPMessageViewModel.swift */,
				F766B5EB1F14C0D4008F8F40 /* DPSettingsViewModel.swift */,
				F766B5DF1F14BE9C008F8F40 /* DPChannelListViewController.swift */,
				F766B5E11F14BE9C008F8F40 /* DPMessageListViewController.swift */,
				F766B5E31F14BE9C008F8F40 /* DPTeamViewController.swift */,
				F766B5E91F14BF3B008F8F40 /* DPSettingsViewController.swift */,
				F766B5EF1F14CCA5008F8F40 /* DPSettingsSectionView.swift */,
				F766B5ED1F14CC98008F8F40 /* DPSettingsSectionView.xib */,
				F766B6111F162292008F8F40 /* DPTestViewController.swift */,
			);
			path = SideContent;
			sourceTree = "<group>";
		};
		F78D0B6721CF7B6B0075D189 /* DPSlideMenuKit */ = {
			isa = PBXGroup;
			children = (
				F78D0B6821CF7B6B0075D189 /* DPSlideMenuKit.h */,
				F78D0B6921CF7B6B0075D189 /* Info.plist */,
			);
			path = DPSlideMenuKit;
			sourceTree = "<group>";
		};
		F7C0D1671F0CF45A006DC742 /* CenterContent */ = {
			isa = PBXGroup;
			children = (
				F7C0D1681F0CF45A006DC742 /* DPHomeViewController.swift */,
				F766B5D31F1369D6008F8F40 /* DPChatViewController.swift */,
			);
			path = CenterContent;
			sourceTree = "<group>";
		};
		F7D0B3A21D63A0C7008EA646 = {
			isa = PBXGroup;
			children = (
				F7D0B3AD1D63A0C7008EA646 /* DPSlideMenuKitDemo */,
				F7D0B3C21D63A0C8008EA646 /* DPSlideMenuKitDemoTests */,
				F7D0B3CD1D63A0C8008EA646 /* DPSlideMenuKitDemoUITests */,
				F78D0B6721CF7B6B0075D189 /* DPSlideMenuKit */,
				F7D0B3AC1D63A0C7008EA646 /* Products */,
			);
			sourceTree = "<group>";
		};
		F7D0B3AC1D63A0C7008EA646 /* Products */ = {
			isa = PBXGroup;
			children = (
				F7D0B3AB1D63A0C7008EA646 /* DPSlideMenuKitDemo.app */,
				F7D0B3BF1D63A0C8008EA646 /* DPSlideMenuKitDemoTests.xctest */,
				F7D0B3CA1D63A0C8008EA646 /* DPSlideMenuKitDemoUITests.xctest */,
				F78D0B6621CF7B6B0075D189 /* DPSlideMenuKit.framework */,
			);
			name = Products;
			sourceTree = "<group>";
		};
		F7D0B3AD1D63A0C7008EA646 /* DPSlideMenuKitDemo */ = {
			isa = PBXGroup;
			children = (
				F7D0B3DC1D63A107008EA646 /* DPSlideMenuKit */,
				F7C0D1671F0CF45A006DC742 /* CenterContent */,
				F766B5DE1F14BE9C008F8F40 /* SideContent */,
				F7D0B3AE1D63A0C7008EA646 /* AppDelegate.swift */,
				F7D0B3B01D63A0C7008EA646 /* ViewController.swift */,
				F7D0B3B21D63A0C7008EA646 /* Main.storyboard */,
				F72156141DA6A0A90038A5AE /* Pages.storyboard */,
				F7D0B3B71D63A0C7008EA646 /* LaunchScreen.storyboard */,
				F7D0B3B51D63A0C7008EA646 /* Assets.xcassets */,
				F7FC405B1F17159C00031F20 /* fontawesome-webfont.ttf */,
				F7D0B3BA1D63A0C7008EA646 /* Info.plist */,
			);
			path = DPSlideMenuKitDemo;
			sourceTree = "<group>";
		};
		F7D0B3C21D63A0C8008EA646 /* DPSlideMenuKitDemoTests */ = {
			isa = PBXGroup;
			children = (
				F7D0B3C31D63A0C8008EA646 /* DPSlideMenuKitDemoTests.swift */,
				F7D0B3C51D63A0C8008EA646 /* Info.plist */,
			);
			path = DPSlideMenuKitDemoTests;
			sourceTree = "<group>";
		};
		F7D0B3CD1D63A0C8008EA646 /* DPSlideMenuKitDemoUITests */ = {
			isa = PBXGroup;
			children = (
				F7D0B3CE1D63A0C8008EA646 /* DPSlideMenuKitDemoUITests.swift */,
				F7D0B3D01D63A0C8008EA646 /* Info.plist */,
			);
			path = DPSlideMenuKitDemoUITests;
			sourceTree = "<group>";
		};
		F7D0B3DC1D63A107008EA646 /* DPSlideMenuKit */ = {
			isa = PBXGroup;
			children = (
				F71FAEF321CB25C900A57E76 /* Left */,
				F71FAEF721CB25C900A57E76 /* Right */,
				F71FAEEA21CAF50800A57E76 /* Base */,
				F7C0D1711F0DE55E006DC742 /* DPSlideMenuManager.swift */,
				F7D0B3F21D63A30A008EA646 /* DPDrawerViewController.swift */,
				F7D0B3F01D63A1C1008EA646 /* DPCenterContentViewController.swift */,
				F7D0B3F61D63B126008EA646 /* DPDropShadowView.swift */,
				F7EAB6721D6BE3D700C0C70C /* DPMenuButton.swift */,
				F7C0D1591F0CF04D006DC742 /* DPConst.swift */,
				F7C0D15B1F0CF1A9006DC742 /* DPEnum.swift */,
				F7C0D16F1F0D0020006DC742 /* DPExtension.swift */,
				F79C1AA520459F3B007A29EC /* ScreenType.swift */,
			);
			path = DPSlideMenuKit;
			sourceTree = "<group>";
		};
/* End PBXGroup section */

/* Begin PBXHeadersBuildPhase section */
		F78D0B6121CF7B6B0075D189 /* Headers */ = {
			isa = PBXHeadersBuildPhase;
			buildActionMask = 2147483647;
			files = (
				F78D0B6A21CF7B6B0075D189 /* DPSlideMenuKit.h in Headers */,
			);
			runOnlyForDeploymentPostprocessing = 0;
		};
/* End PBXHeadersBuildPhase section */

/* Begin PBXNativeTarget section */
		F78D0B6521CF7B6B0075D189 /* DPSlideMenuKit */ = {
			isa = PBXNativeTarget;
			buildConfigurationList = F78D0B7121CF7B6B0075D189 /* Build configuration list for PBXNativeTarget "DPSlideMenuKit" */;
			buildPhases = (
				F78D0B6121CF7B6B0075D189 /* Headers */,
				F78D0B6221CF7B6B0075D189 /* Sources */,
				F78D0B6321CF7B6B0075D189 /* Frameworks */,
				F78D0B6421CF7B6B0075D189 /* Resources */,
			);
			buildRules = (
			);
			dependencies = (
			);
			name = DPSlideMenuKit;
			productName = DPSlideMenuKit;
			productReference = F78D0B6621CF7B6B0075D189 /* DPSlideMenuKit.framework */;
			productType = "com.apple.product-type.framework";
		};
		F7D0B3AA1D63A0C7008EA646 /* DPSlideMenuKitDemo */ = {
			isa = PBXNativeTarget;
			buildConfigurationList = F7D0B3D31D63A0C8008EA646 /* Build configuration list for PBXNativeTarget "DPSlideMenuKitDemo" */;
			buildPhases = (
				F7D0B3A81D63A0C7008EA646 /* Frameworks */,
				F7D0B3A71D63A0C7008EA646 /* Sources */,
				F7D0B3A91D63A0C7008EA646 /* Resources */,
				F75C44881E06468400E60E60 /* Embed Frameworks */,
			);
			buildRules = (
			);
			dependencies = (
				F78D0B6C21CF7B6B0075D189 /* PBXTargetDependency */,
			);
			name = DPSlideMenuKitDemo;
			productName = DPSlideMenuKitDemo;
			productReference = F7D0B3AB1D63A0C7008EA646 /* DPSlideMenuKitDemo.app */;
			productType = "com.apple.product-type.application";
		};
		F7D0B3BE1D63A0C8008EA646 /* DPSlideMenuKitDemoTests */ = {
			isa = PBXNativeTarget;
			buildConfigurationList = F7D0B3D61D63A0C8008EA646 /* Build configuration list for PBXNativeTarget "DPSlideMenuKitDemoTests" */;
			buildPhases = (
				F7D0B3BB1D63A0C8008EA646 /* Sources */,
				F7D0B3BC1D63A0C8008EA646 /* Frameworks */,
				F7D0B3BD1D63A0C8008EA646 /* Resources */,
			);
			buildRules = (
			);
			dependencies = (
				F7D0B3C11D63A0C8008EA646 /* PBXTargetDependency */,
			);
			name = DPSlideMenuKitDemoTests;
			productName = DPSlideMenuKitDemoTests;
			productReference = F7D0B3BF1D63A0C8008EA646 /* DPSlideMenuKitDemoTests.xctest */;
			productType = "com.apple.product-type.bundle.unit-test";
		};
		F7D0B3C91D63A0C8008EA646 /* DPSlideMenuKitDemoUITests */ = {
			isa = PBXNativeTarget;
			buildConfigurationList = F7D0B3D91D63A0C8008EA646 /* Build configuration list for PBXNativeTarget "DPSlideMenuKitDemoUITests" */;
			buildPhases = (
				F7D0B3C61D63A0C8008EA646 /* Sources */,
				F7D0B3C71D63A0C8008EA646 /* Frameworks */,
				F7D0B3C81D63A0C8008EA646 /* Resources */,
			);
			buildRules = (
			);
			dependencies = (
				F7D0B3CC1D63A0C8008EA646 /* PBXTargetDependency */,
			);
			name = DPSlideMenuKitDemoUITests;
			productName = DPSlideMenuKitDemoUITests;
			productReference = F7D0B3CA1D63A0C8008EA646 /* DPSlideMenuKitDemoUITests.xctest */;
			productType = "com.apple.product-type.bundle.ui-testing";
		};
/* End PBXNativeTarget section */

/* Begin PBXProject section */
		F7D0B3A31D63A0C7008EA646 /* Project object */ = {
			isa = PBXProject;
			attributes = {
				LastSwiftUpdateCheck = 0730;
				LastUpgradeCheck = 1020;
				ORGANIZATIONNAME = "Hongli Yu";
				TargetAttributes = {
					F78D0B6521CF7B6B0075D189 = {
						CreatedOnToolsVersion = 10.1;
						DevelopmentTeam = FC9QT6TC28;
						LastSwiftMigration = 1020;
						ProvisioningStyle = Automatic;
					};
					F7D0B3AA1D63A0C7008EA646 = {
						CreatedOnToolsVersion = 7.3.1;
						DevelopmentTeam = FC9QT6TC28;
						LastSwiftMigration = 1020;
					};
					F7D0B3BE1D63A0C8008EA646 = {
						CreatedOnToolsVersion = 7.3.1;
						LastSwiftMigration = 1020;
						TestTargetID = F7D0B3AA1D63A0C7008EA646;
					};
					F7D0B3C91D63A0C8008EA646 = {
						CreatedOnToolsVersion = 7.3.1;
						DevelopmentTeam = FC9QT6TC28;
						LastSwiftMigration = 1020;
						TestTargetID = F7D0B3AA1D63A0C7008EA646;
					};
				};
			};
			buildConfigurationList = F7D0B3A61D63A0C7008EA646 /* Build configuration list for PBXProject "DPSlideMenuKitDemo" */;
			compatibilityVersion = "Xcode 3.2";
			developmentRegion = en;
			hasScannedForEncodings = 0;
			knownRegions = (
				en,
				Base,
			);
			mainGroup = F7D0B3A21D63A0C7008EA646;
			productRefGroup = F7D0B3AC1D63A0C7008EA646 /* Products */;
			projectDirPath = "";
			projectRoot = "";
			targets = (
				F7D0B3AA1D63A0C7008EA646 /* DPSlideMenuKitDemo */,
				F7D0B3BE1D63A0C8008EA646 /* DPSlideMenuKitDemoTests */,
				F7D0B3C91D63A0C8008EA646 /* DPSlideMenuKitDemoUITests */,
				F78D0B6521CF7B6B0075D189 /* DPSlideMenuKit */,
			);
		};
/* End PBXProject section */

/* Begin PBXResourcesBuildPhase section */
		F78D0B6421CF7B6B0075D189 /* Resources */ = {
			isa = PBXResourcesBuildPhase;
			buildActionMask = 2147483647;
			files = (
			);
			runOnlyForDeploymentPostprocessing = 0;
		};
		F7D0B3A91D63A0C7008EA646 /* Resources */ = {
			isa = PBXResourcesBuildPhase;
			buildActionMask = 2147483647;
			files = (
				F7D0B3B91D63A0C7008EA646 /* LaunchScreen.storyboard in Resources */,
				F7D0B3B61D63A0C7008EA646 /* Assets.xcassets in Resources */,
				F7D0B3B41D63A0C7008EA646 /* Main.storyboard in Resources */,
				F7FC405C1F17159C00031F20 /* fontawesome-webfont.ttf in Resources */,
				F766B5EE1F14CC98008F8F40 /* DPSettingsSectionView.xib in Resources */,
				F72156161DA6A0A90038A5AE /* Pages.storyboard in Resources */,
			);
			runOnlyForDeploymentPostprocessing = 0;
		};
		F7D0B3BD1D63A0C8008EA646 /* Resources */ = {
			isa = PBXResourcesBuildPhase;
			buildActionMask = 2147483647;
			files = (
			);
			runOnlyForDeploymentPostprocessing = 0;
		};
		F7D0B3C81D63A0C8008EA646 /* Resources */ = {
			isa = PBXResourcesBuildPhase;
			buildActionMask = 2147483647;
			files = (
			);
			runOnlyForDeploymentPostprocessing = 0;
		};
/* End PBXResourcesBuildPhase section */

/* Begin PBXSourcesBuildPhase section */
		F78D0B6221CF7B6B0075D189 /* Sources */ = {
			isa = PBXSourcesBuildPhase;
			buildActionMask = 2147483647;
			files = (
				F78D0B7221CF7C050075D189 /* DPLeftMenuViewController.swift in Sources */,
				F78D0B7321CF7C050075D189 /* DPLeftPageViewController.swift in Sources */,
				F78D0B7421CF7C050075D189 /* DPLeftContentViewController.swift in Sources */,
				F78D0B7521CF7C050075D189 /* DPRightMenuViewController.swift in Sources */,
				F78D0B7621CF7C050075D189 /* DPRightPageViewController.swift in Sources */,
				F78D0B7721CF7C050075D189 /* DPRightContentViewController.swift in Sources */,
				F78D0B7821CF7C050075D189 /* DPBaseMenuViewController.swift in Sources */,
				F78D0B7921CF7C050075D189 /* DPBaseContentViewController.swift in Sources */,
				F78D0B7A21CF7C050075D189 /* DPBaseEmbedViewController.swift in Sources */,
				F78D0B7B21CF7C050075D189 /* DPSlideMenuManager.swift in Sources */,
				F78D0B7C21CF7C050075D189 /* DPDrawerViewController.swift in Sources */,
				F78D0B7D21CF7C050075D189 /* DPCenterContentViewController.swift in Sources */,
				F78D0B7E21CF7C050075D189 /* DPDropShadowView.swift in Sources */,
				F78D0B7F21CF7C050075D189 /* DPMenuButton.swift in Sources */,
				F78D0B8021CF7C050075D189 /* DPConst.swift in Sources */,
				F78D0B8121CF7C050075D189 /* DPEnum.swift in Sources */,
				F78D0B8221CF7C050075D189 /* DPExtension.swift in Sources */,
				F78D0B8321CF7C050075D189 /* ScreenType.swift in Sources */,
			);
			runOnlyForDeploymentPostprocessing = 0;
		};
		F7D0B3A71D63A0C7008EA646 /* Sources */ = {
			isa = PBXSourcesBuildPhase;
			buildActionMask = 2147483647;
			files = (
				F766B5E41F14BE9C008F8F40 /* DPChannelListViewController.swift in Sources */,
				F7C0D1721F0DE55E006DC742 /* DPSlideMenuManager.swift in Sources */,
				F71FAEEE21CAF50800A57E76 /* DPBaseEmbedViewController.swift in Sources */,
				F7C0D15A1F0CF04D006DC742 /* DPConst.swift in Sources */,
				F71FAEFF21CB25C900A57E76 /* DPRightMenuViewController.swift in Sources */,
				F71FAEFD21CB25C900A57E76 /* DPLeftMenuViewController.swift in Sources */,
				F7C0D16D1F0CF45A006DC742 /* DPHomeViewController.swift in Sources */,
				F71FAEFE21CB25C900A57E76 /* DPRightContentViewController.swift in Sources */,
				F766B5E51F14BE9C008F8F40 /* DPChannelViewModel.swift in Sources */,
				F71FAEFB21CB25C900A57E76 /* DPLeftPageViewController.swift in Sources */,
				F79C1AA620459F3B007A29EC /* ScreenType.swift in Sources */,
				F766B5EA1F14BF3B008F8F40 /* DPSettingsViewController.swift in Sources */,
				F766B5D41F1369D6008F8F40 /* DPChatViewController.swift in Sources */,
				F766B5F01F14CCA5008F8F40 /* DPSettingsSectionView.swift in Sources */,
				F7EAB6731D6BE3D700C0C70C /* DPMenuButton.swift in Sources */,
				F71FAEEF21CAF50800A57E76 /* DPBaseContentViewController.swift in Sources */,
				F71FAEF021CAF50800A57E76 /* DPBaseMenuViewController.swift in Sources */,
				F7D0B3B11D63A0C7008EA646 /* ViewController.swift in Sources */,
				F766B6121F162292008F8F40 /* DPTestViewController.swift in Sources */,
				F7D0B3F11D63A1C1008EA646 /* DPCenterContentViewController.swift in Sources */,
				F7D0B3F71D63B126008EA646 /* DPDropShadowView.swift in Sources */,
				F71FAEFC21CB25C900A57E76 /* DPLeftContentViewController.swift in Sources */,
				F766B5E71F14BE9C008F8F40 /* DPMessageViewModel.swift in Sources */,
				F7D0B3AF1D63A0C7008EA646 /* AppDelegate.swift in Sources */,
				F766B5E61F14BE9C008F8F40 /* DPMessageListViewController.swift in Sources */,
				F7C0D15C1F0CF1A9006DC742 /* DPEnum.swift in Sources */,
				F7C0D1701F0D0020006DC742 /* DPExtension.swift in Sources */,
				F766B5EC1F14C0D4008F8F40 /* DPSettingsViewModel.swift in Sources */,
				F7D0B3F31D63A30A008EA646 /* DPDrawerViewController.swift in Sources */,
				F766B5E81F14BE9C008F8F40 /* DPTeamViewController.swift in Sources */,
				F71FAF0021CB25C900A57E76 /* DPRightPageViewController.swift in Sources */,
			);
			runOnlyForDeploymentPostprocessing = 0;
		};
		F7D0B3BB1D63A0C8008EA646 /* Sources */ = {
			isa = PBXSourcesBuildPhase;
			buildActionMask = 2147483647;
			files = (
				F7D0B3C41D63A0C8008EA646 /* DPSlideMenuKitDemoTests.swift in Sources */,
			);
			runOnlyForDeploymentPostprocessing = 0;
		};
		F7D0B3C61D63A0C8008EA646 /* Sources */ = {
			isa = PBXSourcesBuildPhase;
			buildActionMask = 2147483647;
			files = (
				F7176C101D9BFFB300C60E08 /* AppDelegate.swift in Sources */,
			);
			runOnlyForDeploymentPostprocessing = 0;
		};
/* End PBXSourcesBuildPhase section */

/* Begin PBXTargetDependency section */
		F78D0B6C21CF7B6B0075D189 /* PBXTargetDependency */ = {
			isa = PBXTargetDependency;
			target = F78D0B6521CF7B6B0075D189 /* DPSlideMenuKit */;
			targetProxy = F78D0B6B21CF7B6B0075D189 /* PBXContainerItemProxy */;
		};
		F7D0B3C11D63A0C8008EA646 /* PBXTargetDependency */ = {
			isa = PBXTargetDependency;
			target = F7D0B3AA1D63A0C7008EA646 /* DPSlideMenuKitDemo */;
			targetProxy = F7D0B3C01D63A0C8008EA646 /* PBXContainerItemProxy */;
		};
		F7D0B3CC1D63A0C8008EA646 /* PBXTargetDependency */ = {
			isa = PBXTargetDependency;
			target = F7D0B3AA1D63A0C7008EA646 /* DPSlideMenuKitDemo */;
			targetProxy = F7D0B3CB1D63A0C8008EA646 /* PBXContainerItemProxy */;
		};
/* End PBXTargetDependency section */

/* Begin PBXVariantGroup section */
		F72156141DA6A0A90038A5AE /* Pages.storyboard */ = {
			isa = PBXVariantGroup;
			children = (
				F7992DB81F94F7B300965D77 /* Base */,
			);
			name = Pages.storyboard;
			sourceTree = "<group>";
		};
		F7D0B3B21D63A0C7008EA646 /* Main.storyboard */ = {
			isa = PBXVariantGroup;
			children = (
				F7D0B3B31D63A0C7008EA646 /* Base */,
			);
			name = Main.storyboard;
			sourceTree = "<group>";
		};
		F7D0B3B71D63A0C7008EA646 /* LaunchScreen.storyboard */ = {
			isa = PBXVariantGroup;
			children = (
				F7D0B3B81D63A0C7008EA646 /* Base */,
			);
			name = LaunchScreen.storyboard;
			sourceTree = "<group>";
		};
/* End PBXVariantGroup section */

/* Begin XCBuildConfiguration section */
		F78D0B6F21CF7B6B0075D189 /* Debug */ = {
			isa = XCBuildConfiguration;
			buildSettings = {
				CLANG_ANALYZER_NUMBER_OBJECT_CONVERSION = YES_AGGRESSIVE;
				CLANG_CXX_LANGUAGE_STANDARD = "gnu++14";
				CLANG_ENABLE_OBJC_WEAK = YES;
				CLANG_WARN_DOCUMENTATION_COMMENTS = YES;
				CLANG_WARN_UNGUARDED_AVAILABILITY = YES_AGGRESSIVE;
				CODE_SIGN_IDENTITY = "";
				CODE_SIGN_STYLE = Automatic;
				CURRENT_PROJECT_VERSION = 1;
				DEFINES_MODULE = YES;
				DEVELOPMENT_TEAM = FC9QT6TC28;
				DYLIB_COMPATIBILITY_VERSION = 1;
				DYLIB_CURRENT_VERSION = 1;
				DYLIB_INSTALL_NAME_BASE = "@rpath";
				GCC_C_LANGUAGE_STANDARD = gnu11;
				INFOPLIST_FILE = DPSlideMenuKit/Info.plist;
				INSTALL_PATH = "$(LOCAL_LIBRARY_DIR)/Frameworks";
				IPHONEOS_DEPLOYMENT_TARGET = 10.0;
				LD_RUNPATH_SEARCH_PATHS = "$(inherited) @executable_path/Frameworks @loader_path/Frameworks";
				MTL_ENABLE_DEBUG_INFO = INCLUDE_SOURCE;
				MTL_FAST_MATH = YES;
				PRODUCT_BUNDLE_IDENTIFIER = hongliyu.github.io.DPSlideMenuKit;
				PRODUCT_NAME = "$(TARGET_NAME:c99extidentifier)";
				SKIP_INSTALL = YES;
				SWIFT_ACTIVE_COMPILATION_CONDITIONS = DEBUG;
				SWIFT_VERSION = 5.0;
				TARGETED_DEVICE_FAMILY = 1;
				VERSIONING_SYSTEM = "apple-generic";
				VERSION_INFO_PREFIX = "";
			};
			name = Debug;
		};
		F78D0B7021CF7B6B0075D189 /* Release */ = {
			isa = XCBuildConfiguration;
			buildSettings = {
				CLANG_ANALYZER_NUMBER_OBJECT_CONVERSION = YES_AGGRESSIVE;
				CLANG_CXX_LANGUAGE_STANDARD = "gnu++14";
				CLANG_ENABLE_OBJC_WEAK = YES;
				CLANG_WARN_DOCUMENTATION_COMMENTS = YES;
				CLANG_WARN_UNGUARDED_AVAILABILITY = YES_AGGRESSIVE;
				CODE_SIGN_IDENTITY = "";
				CODE_SIGN_STYLE = Automatic;
				CURRENT_PROJECT_VERSION = 1;
				DEFINES_MODULE = YES;
				DEVELOPMENT_TEAM = FC9QT6TC28;
				DYLIB_COMPATIBILITY_VERSION = 1;
				DYLIB_CURRENT_VERSION = 1;
				DYLIB_INSTALL_NAME_BASE = "@rpath";
				GCC_C_LANGUAGE_STANDARD = gnu11;
				INFOPLIST_FILE = DPSlideMenuKit/Info.plist;
				INSTALL_PATH = "$(LOCAL_LIBRARY_DIR)/Frameworks";
				IPHONEOS_DEPLOYMENT_TARGET = 10.0;
				LD_RUNPATH_SEARCH_PATHS = "$(inherited) @executable_path/Frameworks @loader_path/Frameworks";
				MTL_FAST_MATH = YES;
				PRODUCT_BUNDLE_IDENTIFIER = hongliyu.github.io.DPSlideMenuKit;
				PRODUCT_NAME = "$(TARGET_NAME:c99extidentifier)";
				SKIP_INSTALL = YES;
				SWIFT_VERSION = 5.0;
				TARGETED_DEVICE_FAMILY = 1;
				VERSIONING_SYSTEM = "apple-generic";
				VERSION_INFO_PREFIX = "";
			};
			name = Release;
		};
		F7D0B3D11D63A0C8008EA646 /* Debug */ = {
			isa = XCBuildConfiguration;
			buildSettings = {
				ALWAYS_SEARCH_USER_PATHS = NO;
				CLANG_ANALYZER_LOCALIZABILITY_NONLOCALIZED = YES;
				CLANG_ANALYZER_NONNULL = YES;
				CLANG_CXX_LANGUAGE_STANDARD = "gnu++0x";
				CLANG_CXX_LIBRARY = "libc++";
				CLANG_ENABLE_MODULES = YES;
				CLANG_ENABLE_OBJC_ARC = YES;
				CLANG_WARN_BLOCK_CAPTURE_AUTORELEASING = YES;
				CLANG_WARN_BOOL_CONVERSION = YES;
				CLANG_WARN_COMMA = YES;
				CLANG_WARN_CONSTANT_CONVERSION = YES;
				CLANG_WARN_DEPRECATED_OBJC_IMPLEMENTATIONS = YES;
				CLANG_WARN_DIRECT_OBJC_ISA_USAGE = YES_ERROR;
				CLANG_WARN_EMPTY_BODY = YES;
				CLANG_WARN_ENUM_CONVERSION = YES;
				CLANG_WARN_INFINITE_RECURSION = YES;
				CLANG_WARN_INT_CONVERSION = YES;
				CLANG_WARN_NON_LITERAL_NULL_CONVERSION = YES;
				CLANG_WARN_OBJC_IMPLICIT_RETAIN_SELF = YES;
				CLANG_WARN_OBJC_LITERAL_CONVERSION = YES;
				CLANG_WARN_OBJC_ROOT_CLASS = YES_ERROR;
				CLANG_WARN_RANGE_LOOP_ANALYSIS = YES;
				CLANG_WARN_STRICT_PROTOTYPES = YES;
				CLANG_WARN_SUSPICIOUS_MOVE = YES;
				CLANG_WARN_UNREACHABLE_CODE = YES;
				CLANG_WARN__DUPLICATE_METHOD_MATCH = YES;
				"CODE_SIGN_IDENTITY[sdk=iphoneos*]" = "iPhone Developer";
				COPY_PHASE_STRIP = NO;
				DEBUG_INFORMATION_FORMAT = dwarf;
				ENABLE_STRICT_OBJC_MSGSEND = YES;
				ENABLE_TESTABILITY = YES;
				GCC_C_LANGUAGE_STANDARD = gnu99;
				GCC_DYNAMIC_NO_PIC = NO;
				GCC_NO_COMMON_BLOCKS = YES;
				GCC_OPTIMIZATION_LEVEL = 0;
				GCC_PREPROCESSOR_DEFINITIONS = (
					"DEBUG=1",
					"$(inherited)",
				);
				GCC_WARN_64_TO_32_BIT_CONVERSION = YES;
				GCC_WARN_ABOUT_RETURN_TYPE = YES_ERROR;
				GCC_WARN_UNDECLARED_SELECTOR = YES;
				GCC_WARN_UNINITIALIZED_AUTOS = YES_AGGRESSIVE;
				GCC_WARN_UNUSED_FUNCTION = YES;
				GCC_WARN_UNUSED_VARIABLE = YES;
				IPHONEOS_DEPLOYMENT_TARGET = 10.0;
				MTL_ENABLE_DEBUG_INFO = YES;
				ONLY_ACTIVE_ARCH = YES;
				SDKROOT = iphoneos;
				SWIFT_OPTIMIZATION_LEVEL = "-Onone";
			};
			name = Debug;
		};
		F7D0B3D21D63A0C8008EA646 /* Release */ = {
			isa = XCBuildConfiguration;
			buildSettings = {
				ALWAYS_SEARCH_USER_PATHS = NO;
				CLANG_ANALYZER_LOCALIZABILITY_NONLOCALIZED = YES;
				CLANG_ANALYZER_NONNULL = YES;
				CLANG_CXX_LANGUAGE_STANDARD = "gnu++0x";
				CLANG_CXX_LIBRARY = "libc++";
				CLANG_ENABLE_MODULES = YES;
				CLANG_ENABLE_OBJC_ARC = YES;
				CLANG_WARN_BLOCK_CAPTURE_AUTORELEASING = YES;
				CLANG_WARN_BOOL_CONVERSION = YES;
				CLANG_WARN_COMMA = YES;
				CLANG_WARN_CONSTANT_CONVERSION = YES;
				CLANG_WARN_DEPRECATED_OBJC_IMPLEMENTATIONS = YES;
				CLANG_WARN_DIRECT_OBJC_ISA_USAGE = YES_ERROR;
				CLANG_WARN_EMPTY_BODY = YES;
				CLANG_WARN_ENUM_CONVERSION = YES;
				CLANG_WARN_INFINITE_RECURSION = YES;
				CLANG_WARN_INT_CONVERSION = YES;
				CLANG_WARN_NON_LITERAL_NULL_CONVERSION = YES;
				CLANG_WARN_OBJC_IMPLICIT_RETAIN_SELF = YES;
				CLANG_WARN_OBJC_LITERAL_CONVERSION = YES;
				CLANG_WARN_OBJC_ROOT_CLASS = YES_ERROR;
				CLANG_WARN_RANGE_LOOP_ANALYSIS = YES;
				CLANG_WARN_STRICT_PROTOTYPES = YES;
				CLANG_WARN_SUSPICIOUS_MOVE = YES;
				CLANG_WARN_UNREACHABLE_CODE = YES;
				CLANG_WARN__DUPLICATE_METHOD_MATCH = YES;
				"CODE_SIGN_IDENTITY[sdk=iphoneos*]" = "iPhone Developer";
				COPY_PHASE_STRIP = NO;
				DEBUG_INFORMATION_FORMAT = "dwarf-with-dsym";
				ENABLE_NS_ASSERTIONS = NO;
				ENABLE_STRICT_OBJC_MSGSEND = YES;
				GCC_C_LANGUAGE_STANDARD = gnu99;
				GCC_NO_COMMON_BLOCKS = YES;
				GCC_WARN_64_TO_32_BIT_CONVERSION = YES;
				GCC_WARN_ABOUT_RETURN_TYPE = YES_ERROR;
				GCC_WARN_UNDECLARED_SELECTOR = YES;
				GCC_WARN_UNINITIALIZED_AUTOS = YES_AGGRESSIVE;
				GCC_WARN_UNUSED_FUNCTION = YES;
				GCC_WARN_UNUSED_VARIABLE = YES;
				IPHONEOS_DEPLOYMENT_TARGET = 10.0;
				MTL_ENABLE_DEBUG_INFO = NO;
				SDKROOT = iphoneos;
				SWIFT_OPTIMIZATION_LEVEL = "-Owholemodule";
				VALIDATE_PRODUCT = YES;
			};
			name = Release;
		};
		F7D0B3D41D63A0C8008EA646 /* Debug */ = {
			isa = XCBuildConfiguration;
			buildSettings = {
				ALWAYS_EMBED_SWIFT_STANDARD_LIBRARIES = YES;
				ASSETCATALOG_COMPILER_APPICON_NAME = AppIcon;
				CODE_SIGN_IDENTITY = "iPhone Developer";
				DEVELOPMENT_TEAM = FC9QT6TC28;
				INFOPLIST_FILE = DPSlideMenuKitDemo/Info.plist;
				IPHONEOS_DEPLOYMENT_TARGET = 10.0;
				LD_RUNPATH_SEARCH_PATHS = "$(inherited) @executable_path/Frameworks";
				PRODUCT_BUNDLE_IDENTIFIER = cn.hlyu.DPSlideMenuKitDemo;
				PRODUCT_NAME = "$(TARGET_NAME)";
				SWIFT_VERSION = 5.0;
				TARGETED_DEVICE_FAMILY = 1;
			};
			name = Debug;
		};
		F7D0B3D51D63A0C8008EA646 /* Release */ = {
			isa = XCBuildConfiguration;
			buildSettings = {
				ALWAYS_EMBED_SWIFT_STANDARD_LIBRARIES = YES;
				ASSETCATALOG_COMPILER_APPICON_NAME = AppIcon;
				CODE_SIGN_IDENTITY = "iPhone Developer";
				DEVELOPMENT_TEAM = FC9QT6TC28;
				INFOPLIST_FILE = DPSlideMenuKitDemo/Info.plist;
				IPHONEOS_DEPLOYMENT_TARGET = 10.0;
				LD_RUNPATH_SEARCH_PATHS = "$(inherited) @executable_path/Frameworks";
				PRODUCT_BUNDLE_IDENTIFIER = cn.hlyu.DPSlideMenuKitDemo;
				PRODUCT_NAME = "$(TARGET_NAME)";
				SWIFT_VERSION = 5.0;
				TARGETED_DEVICE_FAMILY = 1;
			};
			name = Release;
		};
		F7D0B3D71D63A0C8008EA646 /* Debug */ = {
			isa = XCBuildConfiguration;
			buildSettings = {
				BUNDLE_LOADER = "$(TEST_HOST)";
				INFOPLIST_FILE = DPSlideMenuKitDemoTests/Info.plist;
				LD_RUNPATH_SEARCH_PATHS = "$(inherited) @executable_path/Frameworks @loader_path/Frameworks";
				PRODUCT_BUNDLE_IDENTIFIER = cn.hlyu.DPSlideMenuKitDemoTests;
				PRODUCT_NAME = "$(TARGET_NAME)";
				SWIFT_VERSION = 5.0;
				TEST_HOST = "$(BUILT_PRODUCTS_DIR)/DPSlideMenuKitDemo.app/DPSlideMenuKitDemo";
			};
			name = Debug;
		};
		F7D0B3D81D63A0C8008EA646 /* Release */ = {
			isa = XCBuildConfiguration;
			buildSettings = {
				BUNDLE_LOADER = "$(TEST_HOST)";
				INFOPLIST_FILE = DPSlideMenuKitDemoTests/Info.plist;
				LD_RUNPATH_SEARCH_PATHS = "$(inherited) @executable_path/Frameworks @loader_path/Frameworks";
				PRODUCT_BUNDLE_IDENTIFIER = cn.hlyu.DPSlideMenuKitDemoTests;
				PRODUCT_NAME = "$(TARGET_NAME)";
				SWIFT_VERSION = 5.0;
				TEST_HOST = "$(BUILT_PRODUCTS_DIR)/DPSlideMenuKitDemo.app/DPSlideMenuKitDemo";
			};
			name = Release;
		};
		F7D0B3DA1D63A0C8008EA646 /* Debug */ = {
			isa = XCBuildConfiguration;
			buildSettings = {
				DEVELOPMENT_TEAM = FC9QT6TC28;
				INFOPLIST_FILE = DPSlideMenuKitDemoUITests/Info.plist;
				LD_RUNPATH_SEARCH_PATHS = "$(inherited) @executable_path/Frameworks @loader_path/Frameworks";
				PRODUCT_BUNDLE_IDENTIFIER = cn.hlyu.DPSlideMenuKitDemoUITests;
				PRODUCT_NAME = "$(TARGET_NAME)";
				SWIFT_VERSION = 5.0;
				TEST_TARGET_NAME = DPSlideMenuKitDemo;
			};
			name = Debug;
		};
		F7D0B3DB1D63A0C8008EA646 /* Release */ = {
			isa = XCBuildConfiguration;
			buildSettings = {
				DEVELOPMENT_TEAM = FC9QT6TC28;
				INFOPLIST_FILE = DPSlideMenuKitDemoUITests/Info.plist;
				LD_RUNPATH_SEARCH_PATHS = "$(inherited) @executable_path/Frameworks @loader_path/Frameworks";
				PRODUCT_BUNDLE_IDENTIFIER = cn.hlyu.DPSlideMenuKitDemoUITests;
				PRODUCT_NAME = "$(TARGET_NAME)";
				SWIFT_VERSION = 5.0;
				TEST_TARGET_NAME = DPSlideMenuKitDemo;
			};
			name = Release;
		};
/* End XCBuildConfiguration section */

/* Begin XCConfigurationList section */
		F78D0B7121CF7B6B0075D189 /* Build configuration list for PBXNativeTarget "DPSlideMenuKit" */ = {
			isa = XCConfigurationList;
			buildConfigurations = (
				F78D0B6F21CF7B6B0075D189 /* Debug */,
				F78D0B7021CF7B6B0075D189 /* Release */,
			);
			defaultConfigurationIsVisible = 0;
			defaultConfigurationName = Release;
		};
		F7D0B3A61D63A0C7008EA646 /* Build configuration list for PBXProject "DPSlideMenuKitDemo" */ = {
			isa = XCConfigurationList;
			buildConfigurations = (
				F7D0B3D11D63A0C8008EA646 /* Debug */,
				F7D0B3D21D63A0C8008EA646 /* Release */,
			);
			defaultConfigurationIsVisible = 0;
			defaultConfigurationName = Release;
		};
		F7D0B3D31D63A0C8008EA646 /* Build configuration list for PBXNativeTarget "DPSlideMenuKitDemo" */ = {
			isa = XCConfigurationList;
			buildConfigurations = (
				F7D0B3D41D63A0C8008EA646 /* Debug */,
				F7D0B3D51D63A0C8008EA646 /* Release */,
			);
			defaultConfigurationIsVisible = 0;
			defaultConfigurationName = Release;
		};
		F7D0B3D61D63A0C8008EA646 /* Build configuration list for PBXNativeTarget "DPSlideMenuKitDemoTests" */ = {
			isa = XCConfigurationList;
			buildConfigurations = (
				F7D0B3D71D63A0C8008EA646 /* Debug */,
				F7D0B3D81D63A0C8008EA646 /* Release */,
			);
			defaultConfigurationIsVisible = 0;
			defaultConfigurationName = Release;
		};
		F7D0B3D91D63A0C8008EA646 /* Build configuration list for PBXNativeTarget "DPSlideMenuKitDemoUITests" */ = {
			isa = XCConfigurationList;
			buildConfigurations = (
				F7D0B3DA1D63A0C8008EA646 /* Debug */,
				F7D0B3DB1D63A0C8008EA646 /* Release */,
			);
			defaultConfigurationIsVisible = 0;
			defaultConfigurationName = Release;
		};
/* End XCConfigurationList section */
	};
	rootObject = F7D0B3A31D63A0C7008EA646 /* Project object */;
}
